
Microsoft Visual Studio Solution File, Format Version 12.00
# Visual Studio Version 16
VisualStudioVersion = 16.0.30717.126
MinimumVisualStudioVersion = 10.0.40219.1
Project("{FAE04EC0-301F-11D3-BF4B-00C04F79EFBC}") = "TechHW4", "TechHW4\TechHW4.csproj", "{4A7036BF-F5D4-4E64-BC2A-C2653E861755}"
EndProject
Global
	GlobalSection(SolutionConfigurationPlatforms) = preSolution
		Debug|Any CPU = Debug|Any CPU
		Release|Any CPU = Release|Any CPU
	EndGlobalSection
	GlobalSection(ProjectConfigurationPlatforms) = postSolution
		{4A7036BF-F5D4-4E64-BC2A-C2653E861755}.Debug|Any CPU.ActiveCfg = Debug|Any CPU
		{4A7036BF-F5D4-4E64-BC2A-C2653E861755}.Debug|Any CPU.Build.0 = Debug|Any CPU
		{4A7036BF-F5D4-4E64-BC2A-C2653E861755}.Release|Any CPU.ActiveCfg = Release|Any CPU
		{4A7036BF-F5D4-4E64-BC2A-C2653E861755}.Release|Any CPU.Build.0 = Release|Any CPU
	EndGlobalSection
	GlobalSection(SolutionProperties) = preSolution
		HideSolutionNode = FALSE
	EndGlobalSection
	GlobalSection(ExtensibilityGlobals) = postSolution
		SolutionGuid = {565CFAFA-442D-4225-884B-E26AD22088AA}
	EndGlobalSection
EndGlobal
